
Microsoft Visual Studio Solution File, Format Version 12.00
# Visual Studio Version 17
VisualStudioVersion = 17.3.32929.385
MinimumVisualStudioVersion = 10.0.40219.1
Project("{9A19103F-16F7-4668-BE54-9A1E7A4F7556}") = "RNG", "Main\RNG.csproj", "{A6C47AEB-8657-4118-ABF7-77B7E6786D51}"
EndProject
Project("{9A19103F-16F7-4668-BE54-9A1E7A4F7556}") = "RNG_TestSuit", "TestSuit\RNG_TestSuit.csproj", "{5369D63B-8C88-4539-85BD-1E15956ECE81}"
EndProject
Global
	GlobalSection(SolutionConfigurationPlatforms) = preSolution
		Debug|Any CPU = Debug|Any CPU
		Release|Any CPU = Release|Any CPU
	EndGlobalSection
	GlobalSection(ProjectConfigurationPlatforms) = postSolution
		{A6C47AEB-8657-4118-ABF7-77B7E6786D51}.Debug|Any CPU.ActiveCfg = Debug|Any CPU
		{A6C47AEB-8657-4118-ABF7-77B7E6786D51}.Debug|Any CPU.Build.0 = Debug|Any CPU
		{A6C47AEB-8657-4118-ABF7-77B7E6786D51}.Release|Any CPU.ActiveCfg = Release|Any CPU
		{A6C47AEB-8657-4118-ABF7-77B7E6786D51}.Release|Any CPU.Build.0 = Release|Any CPU
		{5369D63B-8C88-4539-85BD-1E15956ECE81}.Debug|Any CPU.ActiveCfg = Debug|Any CPU
		{5369D63B-8C88-4539-85BD-1E15956ECE81}.Debug|Any CPU.Build.0 = Debug|Any CPU
		{5369D63B-8C88-4539-85BD-1E15956ECE81}.Release|Any CPU.ActiveCfg = Release|Any CPU
		{5369D63B-8C88-4539-85BD-1E15956ECE81}.Release|Any CPU.Build.0 = Release|Any CPU
	EndGlobalSection
	GlobalSection(SolutionProperties) = preSolution
		HideSolutionNode = FALSE
	EndGlobalSection
	GlobalSection(ExtensibilityGlobals) = postSolution
		SolutionGuid = {0FCB5C10-0C00-484E-A954-0D0F5CB80CB3}
	EndGlobalSection
EndGlobal
